
Microsoft Visual Studio Solution File, Format Version 12.00
# Visual Studio Version 16
VisualStudioVersion = 16.0.31515.178
MinimumVisualStudioVersion = 10.0.40219.1
Project("{FAE04EC0-301F-11D3-BF4B-00C04F79EFBC}") = "NETCore_CardTrading", "NETCore_CardTrading\NETCore_CardTrading.csproj", "{FC4883E2-ED20-4A6D-947D-29789F8014A9}"
EndProject
Global
	GlobalSection(SolutionConfigurationPlatforms) = preSolution
		Debug|Any CPU = Debug|Any CPU
		Release|Any CPU = Release|Any CPU
	EndGlobalSection
	GlobalSection(ProjectConfigurationPlatforms) = postSolution
		{FC4883E2-ED20-4A6D-947D-29789F8014A9}.Debug|Any CPU.ActiveCfg = Debug|Any CPU
		{FC4883E2-ED20-4A6D-947D-29789F8014A9}.Debug|Any CPU.Build.0 = Debug|Any CPU
		{FC4883E2-ED20-4A6D-947D-29789F8014A9}.Release|Any CPU.ActiveCfg = Release|Any CPU
		{FC4883E2-ED20-4A6D-947D-29789F8014A9}.Release|Any CPU.Build.0 = Release|Any CPU
	EndGlobalSection
	GlobalSection(SolutionProperties) = preSolution
		HideSolutionNode = FALSE
	EndGlobalSection
	GlobalSection(ExtensibilityGlobals) = postSolution
		SolutionGuid = {937F3C56-87B2-48B7-977C-BEB3716826A2}
	EndGlobalSection
EndGlobal
